<Solution>
  <Folder Name="/samples/">
    <Project Path="samples/Slice.Sample.Crm/Slice.Sample.Crm.csproj" />
    <Project Path="samples/Slice.Sample.PostgresStack/Slice.Sample.PostgresStack.csproj" />
    <Project Path="samples/Slice.Sample.MultiTenant/Slice.Sample.MultiTenant.csproj" />
    <Project Path="samples/Slice.Sample.MinimalApi/Slice.Sample.MinimalApi.csproj" />
  </Folder>
  <Folder Name="/samples/modular-monolith/">
    <Project Path="samples/modular-monolith/Slice.Sample.Monolith.Contracts/Slice.Sample.Monolith.Contracts.csproj" />
    <Project Path="samples/modular-monolith/Slice.Sample.Monolith.Sales/Slice.Sample.Monolith.Sales.csproj" />
    <Project Path="samples/modular-monolith/Slice.Sample.Monolith.Billing/Slice.Sample.Monolith.Billing.csproj" />
    <Project Path="samples/modular-monolith/Slice.Sample.Monolith.Inventory/Slice.Sample.Monolith.Inventory.csproj" />
    <Project Path="samples/modular-monolith/Slice.Sample.Monolith.Notifications/Slice.Sample.Monolith.Notifications.csproj" />
    <Project Path="samples/modular-monolith/Slice.Sample.Monolith.Host/Slice.Sample.Monolith.Host.csproj" />
  </Folder>
  <Folder Name="/src/">
    <Project Path="src/Slice.ApiVersioning/Slice.ApiVersioning.csproj" />
    <Project Path="src/Slice.Application/Slice.Application.csproj" />
    <Project Path="src/Slice.AspNetCore/Slice.AspNetCore.csproj" />
    <Project Path="src/Slice.AspNetCore.SignalR/Slice.AspNetCore.SignalR.csproj" />
    <Project Path="src/Slice.AspNetCore.Hypermedia/Slice.AspNetCore.Hypermedia.csproj" />
    <Project Path="src/Slice.AspNetCore.ConditionalRequests/Slice.AspNetCore.ConditionalRequests.csproj" />
    <Project Path="src/Slice.AspNetCore.MinimalApi/Slice.AspNetCore.MinimalApi.csproj" />
    <Project Path="src/Slice.Authentication/Slice.Authentication.csproj" />
    <Project Path="src/Slice.Authorization/Slice.Authorization.csproj" />
    <Project Path="src/Slice.BackgroundJobs.Hangfire/Slice.BackgroundJobs.Hangfire.csproj" />
    <Project Path="src/Slice.BackgroundJobs/Slice.BackgroundJobs.csproj" />
    <Project Path="src/Slice.BackgroundJobs.Postgres/Slice.BackgroundJobs.Postgres.csproj" />
    <Project Path="src/Slice.BackgroundWorkers/Slice.BackgroundWorkers.csproj" />
    <Project Path="src/Slice.BlobStoring.Aws/Slice.BlobStoring.Aws.csproj" />
    <Project Path="src/Slice.BlobStoring.Azure/Slice.BlobStoring.Azure.csproj" />
    <Project Path="src/Slice.BlobStoring.Postgres/Slice.BlobStoring.Postgres.csproj" />
    <Project Path="src/Slice.BlobStoring.Minio/Slice.BlobStoring.Minio.csproj" />
    <Project Path="src/Slice.BlobStoring/Slice.BlobStoring.csproj" />
    <Project Path="src/Slice.Caching.Redis/Slice.Caching.Redis.csproj" />
    <Project Path="src/Slice.Caching/Slice.Caching.csproj" />
    <Project Path="src/Slice.Caching.Postgres/Slice.Caching.Postgres.csproj" />
    <Project Path="src/Slice.Core/Slice.Core.csproj" />
    <Project Path="src/Slice.Dapper/Slice.Dapper.csproj" />
    <Project Path="src/Slice.DistributedLocking.Postgres/Slice.DistributedLocking.Postgres.csproj" />
    <Project Path="src/Slice.DistributedLocking.Redis/Slice.DistributedLocking.Redis.csproj" />
    <Project Path="src/Slice.DistributedLocking/Slice.DistributedLocking.csproj" />
    <Project Path="src/Slice.Domain/Slice.Domain.csproj" />
    <Project Path="src/Slice.Emailing.MailKit/Slice.Emailing.MailKit.csproj" />
    <Project Path="src/Slice.Emailing/Slice.Emailing.csproj" />
    <Project Path="src/Slice.EntityFrameworkCore/Slice.EntityFrameworkCore.csproj" />
    <Project Path="src/Slice.EntityFrameworkCore.PostgreSQL/Slice.EntityFrameworkCore.PostgreSQL.csproj" />
    <Project Path="src/Slice.EventBus.AzureServiceBus/Slice.EventBus.AzureServiceBus.csproj" />
    <Project Path="src/Slice.EventBus.Kafka/Slice.EventBus.Kafka.csproj" />
    <Project Path="src/Slice.EventBus.Postgres/Slice.EventBus.Postgres.csproj" />
    <Project Path="src/Slice.EventBus.RabbitMQ/Slice.EventBus.RabbitMQ.csproj" />
    <Project Path="src/Slice.EventBus/Slice.EventBus.csproj" />
    <Project Path="src/Slice.Kafka/Slice.Kafka.csproj" />
    <Project Path="src/Slice.Features/Slice.Features.csproj" />
    <Project Path="src/Slice.LinqToDB/Slice.LinqToDB.csproj" />
    <Project Path="src/Slice.Localization/Slice.Localization.csproj" />
    <Project Path="src/Slice.Management/Slice.Management.csproj" />
    <Project Path="src/Slice.Mediator.Default/Slice.Mediator.Default.csproj" />
    <Project Path="src/Slice.Mediator.MediatR/Slice.Mediator.MediatR.csproj" />
    <Project Path="src/Slice.Mediator/Slice.Mediator.csproj" />
    <Project Path="src/Slice.Modularity/Slice.Modularity.csproj" />
    <Project Path="src/Slice.MultiTenancy/Slice.MultiTenancy.csproj" />
    <Project Path="src/Slice.ObjectMapping/Slice.ObjectMapping.csproj" />
    <Project Path="src/Slice.Postgres/Slice.Postgres.csproj" />
    <Project Path="src/Slice.PostgresStack/Slice.PostgresStack.csproj" />
    <Project Path="src/Slice.Serilog/Slice.Serilog.csproj" />
    <Project Path="src/Slice.Settings/Slice.Settings.csproj" />
    <Project Path="src/Slice.Vector/Slice.Vector.csproj" />
    <Project Path="src/Slice.Vector.Postgres/Slice.Vector.Postgres.csproj" />
    <Project Path="src/Slice.Embeddings.OpenAI/Slice.Embeddings.OpenAI.csproj" />
    <Project Path="src/Slice.VirtualFileSystem/Slice.VirtualFileSystem.csproj" />
  </Folder>
  <Folder Name="/tests/">
    <Project Path="tests/Slice.Architecture.Tests/Slice.Architecture.Tests.csproj" />
    <Project Path="tests/Slice.AspNetCore.SignalR.Tests/Slice.AspNetCore.SignalR.Tests.csproj" />
    <Project Path="tests/Slice.AspNetCore.Rest.Tests/Slice.AspNetCore.Rest.Tests.csproj" />
    <Project Path="tests/Slice.Data.Tests/Slice.Data.Tests.csproj" />
    <Project Path="tests/Slice.BlobStoring.Minio.Tests/Slice.BlobStoring.Minio.Tests.csproj" />
    <Project Path="tests/Slice.Domain.Tests/Slice.Domain.Tests.csproj" />
    <Project Path="tests/Slice.Embeddings.OpenAI.Tests/Slice.Embeddings.OpenAI.Tests.csproj" />
    <Project Path="tests/Slice.Emailing.MailKit.Tests/Slice.Emailing.MailKit.Tests.csproj" />
    <Project Path="tests/Slice.EventBus.Kafka.Tests/Slice.EventBus.Kafka.Tests.csproj" />
    <Project Path="tests/Slice.EventBus.RabbitMQ.Tests/Slice.EventBus.RabbitMQ.Tests.csproj" />
    <Project Path="tests/Slice.Mediator.Conformance.Tests/Slice.Mediator.Conformance.Tests.csproj" />
    <Project Path="tests/Slice.Postgres.Tests/Slice.Postgres.Tests.csproj" />
    <Project Path="tests/Slice.Vector.Postgres.Tests/Slice.Vector.Postgres.Tests.csproj" />
    <Project Path="tests/Slice.Serilog.Tests/Slice.Serilog.Tests.csproj" />
  </Folder>
</Solution>
